Microsoft Visual Studio Solution File, Format Version 12.00
# Visual Studio Version 17
VisualStudioVersion = 17.5.2.0
MinimumVisualStudioVersion = 10.0.40219.1
Project("{FAE04EC0-301F-11D3-BF4B-00C04F79EFBC}") = "Betclic.Dotnet.Interview", "Betclic.Dotnet.Interview.csproj", "{4FF02779-0332-D27E-5E44-3C69222EEB7A}"
EndProject
Global
	GlobalSection(SolutionConfigurationPlatforms) = preSolution
		Debug|Any CPU = Debug|Any CPU
		Release|Any CPU = Release|Any CPU
	EndGlobalSection
	GlobalSection(ProjectConfigurationPlatforms) = postSolution
		{4FF02779-0332-D27E-5E44-3C69222EEB7A}.Debug|Any CPU.ActiveCfg = Debug|Any CPU
		{4FF02779-0332-D27E-5E44-3C69222EEB7A}.Debug|Any CPU.Build.0 = Debug|Any CPU
		{4FF02779-0332-D27E-5E44-3C69222EEB7A}.Release|Any CPU.ActiveCfg = Release|Any CPU
		{4FF02779-0332-D27E-5E44-3C69222EEB7A}.Release|Any CPU.Build.0 = Release|Any CPU
	EndGlobalSection
	GlobalSection(SolutionProperties) = preSolution
		HideSolutionNode = FALSE
	EndGlobalSection
	GlobalSection(ExtensibilityGlobals) = postSolution
		SolutionGuid = {60AEF24D-0D27-4E6D-A8E7-4273F718B217}
	EndGlobalSection
EndGlobal
